
Microsoft Visual Studio Solution File, Format Version 12.00
Project("{FAE04EC0-301F-11D3-BF4B-00C04F79EFBC}") = "App", "App\GCBurn.App.csproj", "{4267FA9B-3010-4532-B480-297254FE1A81}"
EndProject
Project("{FAE04EC0-301F-11D3-BF4B-00C04F79EFBC}") = "Benchmarking.Common", "Benchmarking.Common\Benchmarking.Common.csproj", "{724B1F05-EDF4-444D-B72F-AD29E1537711}"
EndProject
Project("{FAE04EC0-301F-11D3-BF4B-00C04F79EFBC}") = "Tests", "Tests\GCBurn.Tests.csproj", "{738BAFEC-AF1A-43C9-B571-0D7EF2D120EC}"
EndProject
Project("{FAE04EC0-301F-11D3-BF4B-00C04F79EFBC}") = "Main", "Main\GCBurn.Main.csproj", "{F2478B97-27B2-47E0-A555-F604897B7D50}"
EndProject
Global
	GlobalSection(SolutionConfigurationPlatforms) = preSolution
		Debug|Any CPU = Debug|Any CPU
		Release|Any CPU = Release|Any CPU
	EndGlobalSection
	GlobalSection(ProjectConfigurationPlatforms) = postSolution
		{4267FA9B-3010-4532-B480-297254FE1A81}.Debug|Any CPU.ActiveCfg = Debug|Any CPU
		{4267FA9B-3010-4532-B480-297254FE1A81}.Debug|Any CPU.Build.0 = Debug|Any CPU
		{4267FA9B-3010-4532-B480-297254FE1A81}.Release|Any CPU.ActiveCfg = Release|Any CPU
		{4267FA9B-3010-4532-B480-297254FE1A81}.Release|Any CPU.Build.0 = Release|Any CPU
		{724B1F05-EDF4-444D-B72F-AD29E1537711}.Debug|Any CPU.ActiveCfg = Debug|Any CPU
		{724B1F05-EDF4-444D-B72F-AD29E1537711}.Debug|Any CPU.Build.0 = Debug|Any CPU
		{724B1F05-EDF4-444D-B72F-AD29E1537711}.Release|Any CPU.ActiveCfg = Release|Any CPU
		{724B1F05-EDF4-444D-B72F-AD29E1537711}.Release|Any CPU.Build.0 = Release|Any CPU
		{738BAFEC-AF1A-43C9-B571-0D7EF2D120EC}.Debug|Any CPU.ActiveCfg = Debug|Any CPU
		{738BAFEC-AF1A-43C9-B571-0D7EF2D120EC}.Debug|Any CPU.Build.0 = Debug|Any CPU
		{738BAFEC-AF1A-43C9-B571-0D7EF2D120EC}.Release|Any CPU.ActiveCfg = Release|Any CPU
		{738BAFEC-AF1A-43C9-B571-0D7EF2D120EC}.Release|Any CPU.Build.0 = Release|Any CPU
		{F2478B97-27B2-47E0-A555-F604897B7D50}.Debug|Any CPU.ActiveCfg = Debug|Any CPU
		{F2478B97-27B2-47E0-A555-F604897B7D50}.Debug|Any CPU.Build.0 = Debug|Any CPU
		{F2478B97-27B2-47E0-A555-F604897B7D50}.Release|Any CPU.ActiveCfg = Release|Any CPU
		{F2478B97-27B2-47E0-A555-F604897B7D50}.Release|Any CPU.Build.0 = Release|Any CPU
	EndGlobalSection
EndGlobal
